{
  "name": "vrm-skeleton",
  "version": "1.0.0",
  "lockfileVersion": 3,
  "requires": true,
  "packages": {
    "": {
      "name": "vrm-skeleton",
      "version": "1.0.0",
      "license": "MIT",
      "dependencies": {
        "@pixiv/three-vrm": "^3.1.1",
        "three": "^0.169.0",
        "vrm-skeleton": "file:"
      }
    },
    "node_modules/@pixiv/three-vrm": {
      "version": "3.1.1",
      "resolved": "https://registry.npmjs.org/@pixiv/three-vrm/-/three-vrm-3.1.1.tgz",
      "integrity": "sha512-oZXPJtkty9ZpIfhpUGG0e3dyRlqv1kMfQe9JBJEuBdYw8qFaU0L0BpqSY8nTXV0izTgFsNolhTpkqaqooxe4kw==",
      "dependencies": {
        "@pixiv/three-vrm-core": "3.1.1",
        "@pixiv/three-vrm-materials-hdr-emissive-multiplier": "3.1.1",
        "@pixiv/three-vrm-materials-mtoon": "3.1.1",
        "@pixiv/three-vrm-materials-v0compat": "3.1.1",
        "@pixiv/three-vrm-node-constraint": "3.1.1",
        "@pixiv/three-vrm-springbone": "3.1.1"
      },
      "peerDependencies": {
        "three": ">=0.137"
      }
    },
    "node_modules/@pixiv/three-vrm-core": {
      "version": "3.1.1",
      "resolved": "https://registry.npmjs.org/@pixiv/three-vrm-core/-/three-vrm-core-3.1.1.tgz",
      "integrity": "sha512-IObOOexrdxpuSUOrXIOydlc/mIc9QXWXoLRcGmgiatLxJUUvJx5onf/cTZhS4miLMrY+TrnVbkiU1thJ4cRCtw==",
      "dependencies": {
        "@pixiv/types-vrm-0.0": "3.1.1",
        "@pixiv/types-vrmc-vrm-1.0": "3.1.1"
      },
      "peerDependencies": {
        "three": ">=0.137"
      }
    },
    "node_modules/@pixiv/three-vrm-materials-hdr-emissive-multiplier": {
      "version": "3.1.1",
      "resolved": "https://registry.npmjs.org/@pixiv/three-vrm-materials-hdr-emissive-multiplier/-/three-vrm-materials-hdr-emissive-multiplier-3.1.1.tgz",
      "integrity": "sha512-OFSLSkUbRwvTPW+yaSb9xGSRRaEpvzTpREMP5IAnBAzVYfwxaKqxn8J1nPlJJeSXZYUXI6xOLbMyBZbOinGDPA==",
      "dependencies": {
        "@pixiv/types-vrmc-materials-hdr-emissive-multiplier-1.0": "3.1.1"
      },
      "peerDependencies": {
        "three": ">=0.137"
      }
    },
    "node_modules/@pixiv/three-vrm-materials-mtoon": {
      "version": "3.1.1",
      "resolved": "https://registry.npmjs.org/@pixiv/three-vrm-materials-mtoon/-/three-vrm-materials-mtoon-3.1.1.tgz",
      "integrity": "sha512-B8xPLxUc8ofvBC6+hV/4gIlqNt6JctYhX4+DlbY7kng5hVs1AtFVtqdCDr6LermpGFplXCGDBPVrUaGTAEh54Q==",
      "dependencies": {
        "@pixiv/types-vrm-0.0": "3.1.1",
        "@pixiv/types-vrmc-materials-mtoon-1.0": "3.1.1"
      },
      "peerDependencies": {
        "three": ">=0.137"
      }
    },
    "node_modules/@pixiv/three-vrm-materials-v0compat": {
      "version": "3.1.1",
      "resolved": "https://registry.npmjs.org/@pixiv/three-vrm-materials-v0compat/-/three-vrm-materials-v0compat-3.1.1.tgz",
      "integrity": "sha512-5/hv2VLamcMeTWNX75AkaZFQ/J86eUrtHpQfTZP1380BrGhy8Sssp6ZShvQoGMrvj05dXSgI0WvuWYh3/tfWng==",
      "dependencies": {
        "@pixiv/types-vrm-0.0": "3.1.1",
        "@pixiv/types-vrmc-materials-mtoon-1.0": "3.1.1"
      },
      "peerDependencies": {
        "three": ">=0.137"
      }
    },
    "node_modules/@pixiv/three-vrm-node-constraint": {
      "version": "3.1.1",
      "resolved": "https://registry.npmjs.org/@pixiv/three-vrm-node-constraint/-/three-vrm-node-constraint-3.1.1.tgz",
      "integrity": "sha512-7cwD3na2Q5UuAxK1Gh2flJimG2sK24hUYBek44AaOFn5LWUlWq4mGJYDwnRAmY/JAWH2yDNLva1bIEGIY3Wi7Q==",
      "dependencies": {
        "@pixiv/types-vrmc-node-constraint-1.0": "3.1.1"
      },
      "peerDependencies": {
        "three": ">=0.137"
      }
    },
    "node_modules/@pixiv/three-vrm-springbone": {
      "version": "3.1.1",
      "resolved": "https://registry.npmjs.org/@pixiv/three-vrm-springbone/-/three-vrm-springbone-3.1.1.tgz",
      "integrity": "sha512-5S2vUVeJvxDX374WC0ODXomj/qIGQUhXYT7s60LaBcUO+GtRuQ7RZFx41Mt2dU7j44iiQkpf2Gg7cLW9UHXrrA==",
      "dependencies": {
        "@pixiv/types-vrm-0.0": "3.1.1",
        "@pixiv/types-vrmc-springbone-1.0": "3.1.1",
        "@pixiv/types-vrmc-springbone-extended-collider-1.0": "3.1.1"
      },
      "peerDependencies": {
        "three": ">=0.137"
      }
    },
    "node_modules/@pixiv/types-vrm-0.0": {
      "version": "3.1.1",
      "resolved": "https://registry.npmjs.org/@pixiv/types-vrm-0.0/-/types-vrm-0.0-3.1.1.tgz",
      "integrity": "sha512-2vcknrl3VssQf43JT5bKF0SRpsFaySrHg4LmvF+LIrGZObzwI+zjbgKYVAlzG+BqoG6dofT4owEcX/CMrvun3w=="
    },
    "node_modules/@pixiv/types-vrmc-materials-hdr-emissive-multiplier-1.0": {
      "version": "3.1.1",
      "resolved": "https://registry.npmjs.org/@pixiv/types-vrmc-materials-hdr-emissive-multiplier-1.0/-/types-vrmc-materials-hdr-emissive-multiplier-1.0-3.1.1.tgz",
      "integrity": "sha512-dA+2mYRhBr/AXQwN0Auy8r8usxdKVm3J8yn4eUtXs65xXgaHqHKhm3GJ0JiheeggWjzLgZqjlB4qVgI9g7Irfg=="
    },
    "node_modules/@pixiv/types-vrmc-materials-mtoon-1.0": {
      "version": "3.1.1",
      "resolved": "https://registry.npmjs.org/@pixiv/types-vrmc-materials-mtoon-1.0/-/types-vrmc-materials-mtoon-1.0-3.1.1.tgz",
      "integrity": "sha512-PV/xZqSiwTNyX5iW9S6Zx852VI0yZhkKlJls2zhwHC8C/DU9xYGJAf6y+1FiB+gIX8ewf5miKHGN4WZOQ3KaDg=="
    },
    "node_modules/@pixiv/types-vrmc-node-constraint-1.0": {
      "version": "3.1.1",
      "resolved": "https://registry.npmjs.org/@pixiv/types-vrmc-node-constraint-1.0/-/types-vrmc-node-constraint-1.0-3.1.1.tgz",
      "integrity": "sha512-tg7naz7syCv13kWZaOfIPgbhjle64KJdd41z9YpJDU2tD6x+bSAB9bU3ocsC7VrivTpPieVik20BR8GpR+8fmA=="
    },
    "node_modules/@pixiv/types-vrmc-springbone-1.0": {
      "version": "3.1.1",
      "resolved": "https://registry.npmjs.org/@pixiv/types-vrmc-springbone-1.0/-/types-vrmc-springbone-1.0-3.1.1.tgz",
      "integrity": "sha512-eXHq9mcjEAB/Pmw9/szt1U1gbN38OCOewZSDFiWEZZuxt6RDxdfNrnWYzxJbg92L3XxtFVppcB+FmHV3iMwpgw=="
    },
    "node_modules/@pixiv/types-vrmc-springbone-extended-collider-1.0": {
      "version": "3.1.1",
      "resolved": "https://registry.npmjs.org/@pixiv/types-vrmc-springbone-extended-collider-1.0/-/types-vrmc-springbone-extended-collider-1.0-3.1.1.tgz",
      "integrity": "sha512-90u8ObdQvPuI/JM1wypF+3F2Oq3mD8oSu/MCI3W7EYQArnNyYxdKPY4EXi5jzkzzjNeukIx1aB8y3UJMYqz0fQ=="
    },
    "node_modules/@pixiv/types-vrmc-vrm-1.0": {
      "version": "3.1.1",
      "resolved": "https://registry.npmjs.org/@pixiv/types-vrmc-vrm-1.0/-/types-vrmc-vrm-1.0-3.1.1.tgz",
      "integrity": "sha512-hLS5waOsRakWlSWwW4f3uUPaEgEOEcJvi/ckiw6ZVkVhqMfd7aY7jMXeL2h3mAOZ7i5TLzVJMmIzIU1C6DAdmA=="
    },
    "node_modules/three": {
      "version": "0.169.0",
      "resolved": "https://registry.npmjs.org/three/-/three-0.169.0.tgz",
      "integrity": "sha512-Ed906MA3dR4TS5riErd4QBsRGPcx+HBDX2O5yYE5GqJeFQTPU+M56Va/f/Oph9X7uZo3W3o4l2ZhBZ6f6qUv0w=="
    },
    "node_modules/vrm-skeleton": {
      "resolved": "",
      "link": true
    }
  }
}
